// !$*UTF8*$!
{
	archiveVersion = 1;
	classes = {
	};
	objectVersion = 50;
	objects = {

/* Begin PBXBuildFile section */
		27BDEDEC242D8AEB00104A75 /* AppDelegate.swift in Sources */ = {isa = PBXBuildFile; fileRef = 27BDEDEB242D8AEB00104A75 /* AppDelegate.swift */; };
		27BDEDEE242D8AEB00104A75 /* SceneDelegate.swift in Sources */ = {isa = PBXBuildFile; fileRef = 27BDEDED242D8AEB00104A75 /* SceneDelegate.swift */; };
		27BDEDF0242D8AEB00104A75 /* ContentView.swift in Sources */ = {isa = PBXBuildFile; fileRef = 27BDEDEF242D8AEB00104A75 /* ContentView.swift */; };
		27BDEDF2242D8AED00104A75 /* Assets.xcassets in Resources */ = {isa = PBXBuildFile; fileRef = 27BDEDF1242D8AED00104A75 /* Assets.xcassets */; };
		27BDEDF5242D8AED00104A75 /* Preview Assets.xcassets in Resources */ = {isa = PBXBuildFile; fileRef = 27BDEDF4242D8AED00104A75 /* Preview Assets.xcassets */; };
		27BDEDF8242D8AED00104A75 /* LaunchScreen.storyboard in Resources */ = {isa = PBXBuildFile; fileRef = 27BDEDF6242D8AED00104A75 /* LaunchScreen.storyboard */; };
		27BDEE03242D8AED00104A75 /* TutorTests.swift in Sources */ = {isa = PBXBuildFile; fileRef = 27BDEE02242D8AED00104A75 /* TutorTests.swift */; };
		27BDEE0E242D8AED00104A75 /* TutorUITests.swift in Sources */ = {isa = PBXBuildFile; fileRef = 27BDEE0D242D8AED00104A75 /* TutorUITests.swift */; };
		27BDEE1C242FF11600104A75 /* _CameraController.swift in Sources */ = {isa = PBXBuildFile; fileRef = 27BDEE1B242FF11600104A75 /* _CameraController.swift */; };
		27BDEE1E242FF1B600104A75 /* CameraViewController.swift in Sources */ = {isa = PBXBuildFile; fileRef = 27BDEE1D242FF1B600104A75 /* CameraViewController.swift */; };
		27BDEE22243037FA00104A75 /* CameraController.swift in Sources */ = {isa = PBXBuildFile; fileRef = 27BDEE21243037FA00104A75 /* CameraController.swift */; };
/* End PBXBuildFile section */

/* Begin PBXContainerItemProxy section */
		27BDEDFF242D8AED00104A75 /* PBXContainerItemProxy */ = {
			isa = PBXContainerItemProxy;
			containerPortal = 27BDEDE0242D8AEB00104A75 /* Project object */;
			proxyType = 1;
			remoteGlobalIDString = 27BDEDE7242D8AEB00104A75;
			remoteInfo = Tutor;
		};
		27BDEE0A242D8AED00104A75 /* PBXContainerItemProxy */ = {
			isa = PBXContainerItemProxy;
			containerPortal = 27BDEDE0242D8AEB00104A75 /* Project object */;
			proxyType = 1;
			remoteGlobalIDString = 27BDEDE7242D8AEB00104A75;
			remoteInfo = Tutor;
		};
/* End PBXContainerItemProxy section */

/* Begin PBXFileReference section */
		27BDEDE8242D8AEB00104A75 /* Tutor.app */ = {isa = PBXFileReference; explicitFileType = wrapper.application; includeInIndex = 0; path = Tutor.app; sourceTree = BUILT_PRODUCTS_DIR; };
		27BDEDEB242D8AEB00104A75 /* AppDelegate.swift */ = {isa = PBXFileReference; lastKnownFileType = sourcecode.swift; path = AppDelegate.swift; sourceTree = "<group>"; };
		27BDEDED242D8AEB00104A75 /* SceneDelegate.swift */ = {isa = PBXFileReference; lastKnownFileType = sourcecode.swift; path = SceneDelegate.swift; sourceTree = "<group>"; };
		27BDEDEF242D8AEB00104A75 /* ContentView.swift */ = {isa = PBXFileReference; lastKnownFileType = sourcecode.swift; path = ContentView.swift; sourceTree = "<group>"; };
		27BDEDF1242D8AED00104A75 /* Assets.xcassets */ = {isa = PBXFileReference; lastKnownFileType = folder.assetcatalog; path = Assets.xcassets; sourceTree = "<group>"; };
		27BDEDF4242D8AED00104A75 /* Preview Assets.xcassets */ = {isa = PBXFileReference; lastKnownFileType = folder.assetcatalog; path = "Preview Assets.xcassets"; sourceTree = "<group>"; };
		27BDEDF7242D8AED00104A75 /* Base */ = {isa = PBXFileReference; lastKnownFileType = file.storyboard; name = Base; path = Base.lproj/LaunchScreen.storyboard; sourceTree = "<group>"; };
		27BDEDF9242D8AED00104A75 /* Info.plist */ = {isa = PBXFileReference; lastKnownFileType = text.plist.xml; path = Info.plist; sourceTree = "<group>"; };
		27BDEDFE242D8AED00104A75 /* TutorTests.xctest */ = {isa = PBXFileReference; explicitFileType = wrapper.cfbundle; includeInIndex = 0; path = TutorTests.xctest; sourceTree = BUILT_PRODUCTS_DIR; };
		27BDEE02242D8AED00104A75 /* TutorTests.swift */ = {isa = PBXFileReference; lastKnownFileType = sourcecode.swift; path = TutorTests.swift; sourceTree = "<group>"; };
		27BDEE04242D8AED00104A75 /* Info.plist */ = {isa = PBXFileReference; lastKnownFileType = text.plist.xml; path = Info.plist; sourceTree = "<group>"; };
		27BDEE09242D8AED00104A75 /* TutorUITests.xctest */ = {isa = PBXFileReference; explicitFileType = wrapper.cfbundle; includeInIndex = 0; path = TutorUITests.xctest; sourceTree = BUILT_PRODUCTS_DIR; };
		27BDEE0D242D8AED00104A75 /* TutorUITests.swift */ = {isa = PBXFileReference; lastKnownFileType = sourcecode.swift; path = TutorUITests.swift; sourceTree = "<group>"; };
		27BDEE0F242D8AED00104A75 /* Info.plist */ = {isa = PBXFileReference; lastKnownFileType = text.plist.xml; path = Info.plist; sourceTree = "<group>"; };
		27BDEE1B242FF11600104A75 /* _CameraController.swift */ = {isa = PBXFileReference; lastKnownFileType = sourcecode.swift; path = _CameraController.swift; sourceTree = "<group>"; };
		27BDEE1D242FF1B600104A75 /* CameraViewController.swift */ = {isa = PBXFileReference; lastKnownFileType = sourcecode.swift; path = CameraViewController.swift; sourceTree = "<group>"; };
		27BDEE21243037FA00104A75 /* CameraController.swift */ = {isa = PBXFileReference; fileEncoding = 4; lastKnownFileType = sourcecode.swift; path = CameraController.swift; sourceTree = "<group>"; };
/* End PBXFileReference section */

/* Begin PBXFrameworksBuildPhase section */
		27BDEDE5242D8AEB00104A75 /* Frameworks */ = {
			isa = PBXFrameworksBuildPhase;
			buildActionMask = 2147483647;
			files = (
			);
			runOnlyForDeploymentPostprocessing = 0;
		};
		27BDEDFB242D8AED00104A75 /* Frameworks */ = {
			isa = PBXFrameworksBuildPhase;
			buildActionMask = 2147483647;
			files = (
			);
			runOnlyForDeploymentPostprocessing = 0;
		};
		27BDEE06242D8AED00104A75 /* Frameworks */ = {
			isa = PBXFrameworksBuildPhase;
			buildActionMask = 2147483647;
			files = (
			);
			runOnlyForDeploymentPostprocessing = 0;
		};
/* End PBXFrameworksBuildPhase section */

/* Begin PBXGroup section */
		27BDEDDF242D8AEB00104A75 = {
			isa = PBXGroup;
			children = (
				27BDEDEA242D8AEB00104A75 /* Tutor */,
				27BDEE01242D8AED00104A75 /* TutorTests */,
				27BDEE0C242D8AED00104A75 /* TutorUITests */,
				27BDEDE9242D8AEB00104A75 /* Products */,
			);
			sourceTree = "<group>";
		};
		27BDEDE9242D8AEB00104A75 /* Products */ = {
			isa = PBXGroup;
			children = (
				27BDEDE8242D8AEB00104A75 /* Tutor.app */,
				27BDEDFE242D8AED00104A75 /* TutorTests.xctest */,
				27BDEE09242D8AED00104A75 /* TutorUITests.xctest */,
			);
			name = Products;
			sourceTree = "<group>";
		};
		27BDEDEA242D8AEB00104A75 /* Tutor */ = {
			isa = PBXGroup;
			children = (
				27BDEDEB242D8AEB00104A75 /* AppDelegate.swift */,
				27BDEDED242D8AEB00104A75 /* SceneDelegate.swift */,
				27BDEDEF242D8AEB00104A75 /* ContentView.swift */,
				27BDEDF1242D8AED00104A75 /* Assets.xcassets */,
				27BDEDF6242D8AED00104A75 /* LaunchScreen.storyboard */,
				27BDEDF9242D8AED00104A75 /* Info.plist */,
				27BDEDF3242D8AED00104A75 /* Preview Content */,
				27BDEE1B242FF11600104A75 /* _CameraController.swift */,
				27BDEE21243037FA00104A75 /* CameraController.swift */,
				27BDEE1D242FF1B600104A75 /* CameraViewController.swift */,
			);
			path = Tutor;
			sourceTree = "<group>";
		};
		27BDEDF3242D8AED00104A75 /* Preview Content */ = {
			isa = PBXGroup;
			children = (
				27BDEDF4242D8AED00104A75 /* Preview Assets.xcassets */,
			);
			path = "Preview Content";
			sourceTree = "<group>";
		};
		27BDEE01242D8AED00104A75 /* TutorTests */ = {
			isa = PBXGroup;
			children = (
				27BDEE02242D8AED00104A75 /* TutorTests.swift */,
				27BDEE04242D8AED00104A75 /* Info.plist */,
			);
			path = TutorTests;
			sourceTree = "<group>";
		};
		27BDEE0C242D8AED00104A75 /* TutorUITests */ = {
			isa = PBXGroup;
			children = (
				27BDEE0D242D8AED00104A75 /* TutorUITests.swift */,
				27BDEE0F242D8AED00104A75 /* Info.plist */,
			);
			path = TutorUITests;
			sourceTree = "<group>";
		};
/* End PBXGroup section */

/* Begin PBXNativeTarget section */
		27BDEDE7242D8AEB00104A75 /* Tutor */ = {
			isa = PBXNativeTarget;
			buildConfigurationList = 27BDEE12242D8AED00104A75 /* Build configuration list for PBXNativeTarget "Tutor" */;
			buildPhases = (
				27BDEDE4242D8AEB00104A75 /* Sources */,
				27BDEDE5242D8AEB00104A75 /* Frameworks */,
				27BDEDE6242D8AEB00104A75 /* Resources */,
			);
			buildRules = (
			);
			dependencies = (
			);
			name = Tutor;
			productName = Tutor;
			productReference = 27BDEDE8242D8AEB00104A75 /* Tutor.app */;
			productType = "com.apple.product-type.application";
		};
		27BDEDFD242D8AED00104A75 /* TutorTests */ = {
			isa = PBXNativeTarget;
			buildConfigurationList = 27BDEE15242D8AED00104A75 /* Build configuration list for PBXNativeTarget "TutorTests" */;
			buildPhases = (
				27BDEDFA242D8AED00104A75 /* Sources */,
				27BDEDFB242D8AED00104A75 /* Frameworks */,
				27BDEDFC242D8AED00104A75 /* Resources */,
			);
			buildRules = (
			);
			dependencies = (
				27BDEE00242D8AED00104A75 /* PBXTargetDependency */,
			);
			name = TutorTests;
			productName = TutorTests;
			productReference = 27BDEDFE242D8AED00104A75 /* TutorTests.xctest */;
			productType = "com.apple.product-type.bundle.unit-test";
		};
		27BDEE08242D8AED00104A75 /* TutorUITests */ = {
			isa = PBXNativeTarget;
			buildConfigurationList = 27BDEE18242D8AED00104A75 /* Build configuration list for PBXNativeTarget "TutorUITests" */;
			buildPhases = (
				27BDEE05242D8AED00104A75 /* Sources */,
				27BDEE06242D8AED00104A75 /* Frameworks */,
				27BDEE07242D8AED00104A75 /* Resources */,
			);
			buildRules = (
			);
			dependencies = (
				27BDEE0B242D8AED00104A75 /* PBXTargetDependency */,
			);
			name = TutorUITests;
			productName = TutorUITests;
			productReference = 27BDEE09242D8AED00104A75 /* TutorUITests.xctest */;
			productType = "com.apple.product-type.bundle.ui-testing";
		};
/* End PBXNativeTarget section */

/* Begin PBXProject section */
		27BDEDE0242D8AEB00104A75 /* Project object */ = {
			isa = PBXProject;
			attributes = {
				LastSwiftUpdateCheck = 1140;
				LastUpgradeCheck = 1140;
				ORGANIZATIONNAME = "Federico Reyes";
				TargetAttributes = {
					27BDEDE7242D8AEB00104A75 = {
						CreatedOnToolsVersion = 11.4;
					};
					27BDEDFD242D8AED00104A75 = {
						CreatedOnToolsVersion = 11.4;
						TestTargetID = 27BDEDE7242D8AEB00104A75;
					};
					27BDEE08242D8AED00104A75 = {
						CreatedOnToolsVersion = 11.4;
						TestTargetID = 27BDEDE7242D8AEB00104A75;
					};
				};
			};
			buildConfigurationList = 27BDEDE3242D8AEB00104A75 /* Build configuration list for PBXProject "Tutor" */;
			compatibilityVersion = "Xcode 9.3";
			developmentRegion = en;
			hasScannedForEncodings = 0;
			knownRegions = (
				en,
				Base,
			);
			mainGroup = 27BDEDDF242D8AEB00104A75;
			productRefGroup = 27BDEDE9242D8AEB00104A75 /* Products */;
			projectDirPath = "";
			projectRoot = "";
			targets = (
				27BDEDE7242D8AEB00104A75 /* Tutor */,
				27BDEDFD242D8AED00104A75 /* TutorTests */,
				27BDEE08242D8AED00104A75 /* TutorUITests */,
			);
		};
/* End PBXProject section */

/* Begin PBXResourcesBuildPhase section */
		27BDEDE6242D8AEB00104A75 /* Resources */ = {
			isa = PBXResourcesBuildPhase;
			buildActionMask = 2147483647;
			files = (
				27BDEDF8242D8AED00104A75 /* LaunchScreen.storyboard in Resources */,
				27BDEDF5242D8AED00104A75 /* Preview Assets.xcassets in Resources */,
				27BDEDF2242D8AED00104A75 /* Assets.xcassets in Resources */,
			);
			runOnlyForDeploymentPostprocessing = 0;
		};
		27BDEDFC242D8AED00104A75 /* Resources */ = {
			isa = PBXResourcesBuildPhase;
			buildActionMask = 2147483647;
			files = (
			);
			runOnlyForDeploymentPostprocessing = 0;
		};
		27BDEE07242D8AED00104A75 /* Resources */ = {
			isa = PBXResourcesBuildPhase;
			buildActionMask = 2147483647;
			files = (
			);
			runOnlyForDeploymentPostprocessing = 0;
		};
/* End PBXResourcesBuildPhase section */

/* Begin PBXSourcesBuildPhase section */
		27BDEDE4242D8AEB00104A75 /* Sources */ = {
			isa = PBXSourcesBuildPhase;
			buildActionMask = 2147483647;
			files = (
				27BDEE22243037FA00104A75 /* CameraController.swift in Sources */,
				27BDEDEC242D8AEB00104A75 /* AppDelegate.swift in Sources */,
				27BDEE1E242FF1B600104A75 /* CameraViewController.swift in Sources */,
				27BDEDEE242D8AEB00104A75 /* SceneDelegate.swift in Sources */,
				27BDEE1C242FF11600104A75 /* _CameraController.swift in Sources */,
				27BDEDF0242D8AEB00104A75 /* ContentView.swift in Sources */,
			);
			runOnlyForDeploymentPostprocessing = 0;
		};
		27BDEDFA242D8AED00104A75 /* Sources */ = {
			isa = PBXSourcesBuildPhase;
			buildActionMask = 2147483647;
			files = (
				27BDEE03242D8AED00104A75 /* TutorTests.swift in Sources */,
			);
			runOnlyForDeploymentPostprocessing = 0;
		};
		27BDEE05242D8AED00104A75 /* Sources */ = {
			isa = PBXSourcesBuildPhase;
			buildActionMask = 2147483647;
			files = (
				27BDEE0E242D8AED00104A75 /* TutorUITests.swift in Sources */,
			);
			runOnlyForDeploymentPostprocessing = 0;
		};
/* End PBXSourcesBuildPhase section */

/* Begin PBXTargetDependency section */
		27BDEE00242D8AED00104A75 /* PBXTargetDependency */ = {
			isa = PBXTargetDependency;
			target = 27BDEDE7242D8AEB00104A75 /* Tutor */;
			targetProxy = 27BDEDFF242D8AED00104A75 /* PBXContainerItemProxy */;
		};
		27BDEE0B242D8AED00104A75 /* PBXTargetDependency */ = {
			isa = PBXTargetDependency;
			target = 27BDEDE7242D8AEB00104A75 /* Tutor */;
			targetProxy = 27BDEE0A242D8AED00104A75 /* PBXContainerItemProxy */;
		};
/* End PBXTargetDependency section */

/* Begin PBXVariantGroup section */
		27BDEDF6242D8AED00104A75 /* LaunchScreen.storyboard */ = {
			isa = PBXVariantGroup;
			children = (
				27BDEDF7242D8AED00104A75 /* Base */,
			);
			name = LaunchScreen.storyboard;
			sourceTree = "<group>";
		};
/* End PBXVariantGroup section */

/* Begin XCBuildConfiguration section */
		27BDEE10242D8AED00104A75 /* Debug */ = {
			isa = XCBuildConfiguration;
			buildSettings = {
				ALWAYS_SEARCH_USER_PATHS = NO;
				CLANG_ANALYZER_NONNULL = YES;
				CLANG_ANALYZER_NUMBER_OBJECT_CONVERSION = YES_AGGRESSIVE;
				CLANG_CXX_LANGUAGE_STANDARD = "gnu++14";
				CLANG_CXX_LIBRARY = "libc++";
				CLANG_ENABLE_MODULES = YES;
				CLANG_ENABLE_OBJC_ARC = YES;
				CLANG_ENABLE_OBJC_WEAK = YES;
				CLANG_WARN_BLOCK_CAPTURE_AUTORELEASING = YES;
				CLANG_WARN_BOOL_CONVERSION = YES;
				CLANG_WARN_COMMA = YES;
				CLANG_WARN_CONSTANT_CONVERSION = YES;
				CLANG_WARN_DEPRECATED_OBJC_IMPLEMENTATIONS = YES;
				CLANG_WARN_DIRECT_OBJC_ISA_USAGE = YES_ERROR;
				CLANG_WARN_DOCUMENTATION_COMMENTS = YES;
				CLANG_WARN_EMPTY_BODY = YES;
				CLANG_WARN_ENUM_CONVERSION = YES;
				CLANG_WARN_INFINITE_RECURSION = YES;
				CLANG_WARN_INT_CONVERSION = YES;
				CLANG_WARN_NON_LITERAL_NULL_CONVERSION = YES;
				CLANG_WARN_OBJC_IMPLICIT_RETAIN_SELF = YES;
				CLANG_WARN_OBJC_LITERAL_CONVERSION = YES;
				CLANG_WARN_OBJC_ROOT_CLASS = YES_ERROR;
				CLANG_WARN_RANGE_LOOP_ANALYSIS = YES;
				CLANG_WARN_STRICT_PROTOTYPES = YES;
				CLANG_WARN_SUSPICIOUS_MOVE = YES;
				CLANG_WARN_UNGUARDED_AVAILABILITY = YES_AGGRESSIVE;
				CLANG_WARN_UNREACHABLE_CODE = YES;
				CLANG_WARN__DUPLICATE_METHOD_MATCH = YES;
				COPY_PHASE_STRIP = NO;
				DEBUG_INFORMATION_FORMAT = dwarf;
				ENABLE_STRICT_OBJC_MSGSEND = YES;
				ENABLE_TESTABILITY = YES;
				GCC_C_LANGUAGE_STANDARD = gnu11;
				GCC_DYNAMIC_NO_PIC = NO;
				GCC_NO_COMMON_BLOCKS = YES;
				GCC_OPTIMIZATION_LEVEL = 0;
				GCC_PREPROCESSOR_DEFINITIONS = (
					"DEBUG=1",
					"$(inherited)",
				);
				GCC_WARN_64_TO_32_BIT_CONVERSION = YES;
				GCC_WARN_ABOUT_RETURN_TYPE = YES_ERROR;
				GCC_WARN_UNDECLARED_SELECTOR = YES;
				GCC_WARN_UNINITIALIZED_AUTOS = YES_AGGRESSIVE;
				GCC_WARN_UNUSED_FUNCTION = YES;
				GCC_WARN_UNUSED_VARIABLE = YES;
				IPHONEOS_DEPLOYMENT_TARGET = 13.4;
				MTL_ENABLE_DEBUG_INFO = INCLUDE_SOURCE;
				MTL_FAST_MATH = YES;
				ONLY_ACTIVE_ARCH = YES;
				SDKROOT = iphoneos;
				SWIFT_ACTIVE_COMPILATION_CONDITIONS = DEBUG;
				SWIFT_OPTIMIZATION_LEVEL = "-Onone";
			};
			name = Debug;
		};
		27BDEE11242D8AED00104A75 /* Release */ = {
			isa = XCBuildConfiguration;
			buildSettings = {
				ALWAYS_SEARCH_USER_PATHS = NO;
				CLANG_ANALYZER_NONNULL = YES;
				CLANG_ANALYZER_NUMBER_OBJECT_CONVERSION = YES_AGGRESSIVE;
				CLANG_CXX_LANGUAGE_STANDARD = "gnu++14";
				CLANG_CXX_LIBRARY = "libc++";
				CLANG_ENABLE_MODULES = YES;
				CLANG_ENABLE_OBJC_ARC = YES;
				CLANG_ENABLE_OBJC_WEAK = YES;
				CLANG_WARN_BLOCK_CAPTURE_AUTORELEASING = YES;
				CLANG_WARN_BOOL_CONVERSION = YES;
				CLANG_WARN_COMMA = YES;
				CLANG_WARN_CONSTANT_CONVERSION = YES;
				CLANG_WARN_DEPRECATED_OBJC_IMPLEMENTATIONS = YES;
				CLANG_WARN_DIRECT_OBJC_ISA_USAGE = YES_ERROR;
				CLANG_WARN_DOCUMENTATION_COMMENTS = YES;
				CLANG_WARN_EMPTY_BODY = YES;
				CLANG_WARN_ENUM_CONVERSION = YES;
				CLANG_WARN_INFINITE_RECURSION = YES;
				CLANG_WARN_INT_CONVERSION = YES;
				CLANG_WARN_NON_LITERAL_NULL_CONVERSION = YES;
				CLANG_WARN_OBJC_IMPLICIT_RETAIN_SELF = YES;
				CLANG_WARN_OBJC_LITERAL_CONVERSION = YES;
				CLANG_WARN_OBJC_ROOT_CLASS = YES_ERROR;
				CLANG_WARN_RANGE_LOOP_ANALYSIS = YES;
				CLANG_WARN_STRICT_PROTOTYPES = YES;
				CLANG_WARN_SUSPICIOUS_MOVE = YES;
				CLANG_WARN_UNGUARDED_AVAILABILITY = YES_AGGRESSIVE;
				CLANG_WARN_UNREACHABLE_CODE = YES;
				CLANG_WARN__DUPLICATE_METHOD_MATCH = YES;
				COPY_PHASE_STRIP = NO;
				DEBUG_INFORMATION_FORMAT = "dwarf-with-dsym";
				ENABLE_NS_ASSERTIONS = NO;
				ENABLE_STRICT_OBJC_MSGSEND = YES;
				GCC_C_LANGUAGE_STANDARD = gnu11;
				GCC_NO_COMMON_BLOCKS = YES;
				GCC_WARN_64_TO_32_BIT_CONVERSION = YES;
				GCC_WARN_ABOUT_RETURN_TYPE = YES_ERROR;
				GCC_WARN_UNDECLARED_SELECTOR = YES;
				GCC_WARN_UNINITIALIZED_AUTOS = YES_AGGRESSIVE;
				GCC_WARN_UNUSED_FUNCTION = YES;
				GCC_WARN_UNUSED_VARIABLE = YES;
				IPHONEOS_DEPLOYMENT_TARGET = 13.4;
				MTL_ENABLE_DEBUG_INFO = NO;
				MTL_FAST_MATH = YES;
				SDKROOT = iphoneos;
				SWIFT_COMPILATION_MODE = wholemodule;
				SWIFT_OPTIMIZATION_LEVEL = "-O";
				VALIDATE_PRODUCT = YES;
			};
			name = Release;
		};
		27BDEE13242D8AED00104A75 /* Debug */ = {
			isa = XCBuildConfiguration;
			buildSettings = {
				ASSETCATALOG_COMPILER_APPICON_NAME = AppIcon;
				CODE_SIGN_STYLE = Automatic;
				DEVELOPMENT_ASSET_PATHS = "\"Tutor/Preview Content\"";
				DEVELOPMENT_TEAM = 6S3R6BQGCK;
				ENABLE_PREVIEWS = YES;
				INFOPLIST_FILE = Tutor/Info.plist;
				IPHONEOS_DEPLOYMENT_TARGET = 13.4;
				LD_RUNPATH_SEARCH_PATHS = (
					"$(inherited)",
					"@executable_path/Frameworks",
				);
				PRODUCT_BUNDLE_IDENTIFIER = com.bpp.Tutor;
				PRODUCT_NAME = "$(TARGET_NAME)";
				SWIFT_VERSION = 5.0;
				TARGETED_DEVICE_FAMILY = "1,2";
			};
			name = Debug;
		};
		27BDEE14242D8AED00104A75 /* Release */ = {
			isa = XCBuildConfiguration;
			buildSettings = {
				ASSETCATALOG_COMPILER_APPICON_NAME = AppIcon;
				CODE_SIGN_STYLE = Automatic;
				DEVELOPMENT_ASSET_PATHS = "\"Tutor/Preview Content\"";
				DEVELOPMENT_TEAM = 6S3R6BQGCK;
				ENABLE_PREVIEWS = YES;
				INFOPLIST_FILE = Tutor/Info.plist;
				IPHONEOS_DEPLOYMENT_TARGET = 13.4;
				LD_RUNPATH_SEARCH_PATHS = (
					"$(inherited)",
					"@executable_path/Frameworks",
				);
				PRODUCT_BUNDLE_IDENTIFIER = com.bpp.Tutor;
				PRODUCT_NAME = "$(TARGET_NAME)";
				SWIFT_VERSION = 5.0;
				TARGETED_DEVICE_FAMILY = "1,2";
			};
			name = Release;
		};
		27BDEE16242D8AED00104A75 /* Debug */ = {
			isa = XCBuildConfiguration;
			buildSettings = {
				ALWAYS_EMBED_SWIFT_STANDARD_LIBRARIES = YES;
				BUNDLE_LOADER = "$(TEST_HOST)";
				CODE_SIGN_STYLE = Automatic;
				DEVELOPMENT_TEAM = 6S3R6BQGCK;
				INFOPLIST_FILE = TutorTests/Info.plist;
				IPHONEOS_DEPLOYMENT_TARGET = 13.4;
				LD_RUNPATH_SEARCH_PATHS = (
					"$(inherited)",
					"@executable_path/Frameworks",
					"@loader_path/Frameworks",
				);
				PRODUCT_BUNDLE_IDENTIFIER = com.bpp.TutorTests;
				PRODUCT_NAME = "$(TARGET_NAME)";
				SWIFT_VERSION = 5.0;
				TARGETED_DEVICE_FAMILY = "1,2";
				TEST_HOST = "$(BUILT_PRODUCTS_DIR)/Tutor.app/Tutor";
			};
			name = Debug;
		};
		27BDEE17242D8AED00104A75 /* Release */ = {
			isa = XCBuildConfiguration;
			buildSettings = {
				ALWAYS_EMBED_SWIFT_STANDARD_LIBRARIES = YES;
				BUNDLE_LOADER = "$(TEST_HOST)";
				CODE_SIGN_STYLE = Automatic;
				DEVELOPMENT_TEAM = 6S3R6BQGCK;
				INFOPLIST_FILE = TutorTests/Info.plist;
				IPHONEOS_DEPLOYMENT_TARGET = 13.4;
				LD_RUNPATH_SEARCH_PATHS = (
					"$(inherited)",
					"@executable_path/Frameworks",
					"@loader_path/Frameworks",
				);
				PRODUCT_BUNDLE_IDENTIFIER = com.bpp.TutorTests;
				PRODUCT_NAME = "$(TARGET_NAME)";
				SWIFT_VERSION = 5.0;
				TARGETED_DEVICE_FAMILY = "1,2";
				TEST_HOST = "$(BUILT_PRODUCTS_DIR)/Tutor.app/Tutor";
			};
			name = Release;
		};
		27BDEE19242D8AED00104A75 /* Debug */ = {
			isa = XCBuildConfiguration;
			buildSettings = {
				ALWAYS_EMBED_SWIFT_STANDARD_LIBRARIES = YES;
				CODE_SIGN_STYLE = Automatic;
				DEVELOPMENT_TEAM = 6S3R6BQGCK;
				INFOPLIST_FILE = TutorUITests/Info.plist;
				LD_RUNPATH_SEARCH_PATHS = (
					"$(inherited)",
					"@executable_path/Frameworks",
					"@loader_path/Frameworks",
				);
				PRODUCT_BUNDLE_IDENTIFIER = com.bpp.TutorUITests;
				PRODUCT_NAME = "$(TARGET_NAME)";
				SWIFT_VERSION = 5.0;
				TARGETED_DEVICE_FAMILY = "1,2";
				TEST_TARGET_NAME = Tutor;
			};
			name = Debug;
		};
		27BDEE1A242D8AED00104A75 /* Release */ = {
			isa = XCBuildConfiguration;
			buildSettings = {
				ALWAYS_EMBED_SWIFT_STANDARD_LIBRARIES = YES;
				CODE_SIGN_STYLE = Automatic;
				DEVELOPMENT_TEAM = 6S3R6BQGCK;
				INFOPLIST_FILE = TutorUITests/Info.plist;
				LD_RUNPATH_SEARCH_PATHS = (
					"$(inherited)",
					"@executable_path/Frameworks",
					"@loader_path/Frameworks",
				);
				PRODUCT_BUNDLE_IDENTIFIER = com.bpp.TutorUITests;
				PRODUCT_NAME = "$(TARGET_NAME)";
				SWIFT_VERSION = 5.0;
				TARGETED_DEVICE_FAMILY = "1,2";
				TEST_TARGET_NAME = Tutor;
			};
			name = Release;
		};
/* End XCBuildConfiguration section */

/* Begin XCConfigurationList section */
		27BDEDE3242D8AEB00104A75 /* Build configuration list for PBXProject "Tutor" */ = {
			isa = XCConfigurationList;
			buildConfigurations = (
				27BDEE10242D8AED00104A75 /* Debug */,
				27BDEE11242D8AED00104A75 /* Release */,
			);
			defaultConfigurationIsVisible = 0;
			defaultConfigurationName = Release;
		};
		27BDEE12242D8AED00104A75 /* Build configuration list for PBXNativeTarget "Tutor" */ = {
			isa = XCConfigurationList;
			buildConfigurations = (
				27BDEE13242D8AED00104A75 /* Debug */,
				27BDEE14242D8AED00104A75 /* Release */,
			);
			defaultConfigurationIsVisible = 0;
			defaultConfigurationName = Release;
		};
		27BDEE15242D8AED00104A75 /* Build configuration list for PBXNativeTarget "TutorTests" */ = {
			isa = XCConfigurationList;
			buildConfigurations = (
				27BDEE16242D8AED00104A75 /* Debug */,
				27BDEE17242D8AED00104A75 /* Release */,
			);
			defaultConfigurationIsVisible = 0;
			defaultConfigurationName = Release;
		};
		27BDEE18242D8AED00104A75 /* Build configuration list for PBXNativeTarget "TutorUITests" */ = {
			isa = XCConfigurationList;
			buildConfigurations = (
				27BDEE19242D8AED00104A75 /* Debug */,
				27BDEE1A242D8AED00104A75 /* Release */,
			);
			defaultConfigurationIsVisible = 0;
			defaultConfigurationName = Release;
		};
/* End XCConfigurationList section */
	};
	rootObject = 27BDEDE0242D8AEB00104A75 /* Project object */;
}
